// !$*UTF8*$!
{
	archiveVersion = 1;
	classes = {
	};
	objectVersion = 46;
	objects = {

/* Begin PBXBuildFile section */
		2DE8CFCE1A64847B005C8B35 /* Images.xcassets in Resources */ = {isa = PBXBuildFile; fileRef = 2DE8CFCD1A64847B005C8B35 /* Images.xcassets */; };
		2DE8CFD11A64847B005C8B35 /* LaunchScreen.xib in Resources */ = {isa = PBXBuildFile; fileRef = 2DE8CFCF1A64847B005C8B35 /* LaunchScreen.xib */; };
		2DE8CFDD1A64847C005C8B35 /* CameraTests.swift in Sources */ = {isa = PBXBuildFile; fileRef = 2DE8CFDC1A64847C005C8B35 /* CameraTests.swift */; };
		2DE8CFE81A6484A3005C8B35 /* BNRDetailViewController.swift in Sources */ = {isa = PBXBuildFile; fileRef = 2DE8CFE61A6484A3005C8B35 /* BNRDetailViewController.swift */; };
		2DE8CFE91A6484A3005C8B35 /* BNRDetailViewController.xib in Resources */ = {isa = PBXBuildFile; fileRef = 2DE8CFE71A6484A3005C8B35 /* BNRDetailViewController.xib */; };
		2DE8CFF21A6484B0005C8B35 /* dahead.xib in Resources */ = {isa = PBXBuildFile; fileRef = 2DE8CFEA1A6484B0005C8B35 /* dahead.xib */; };
		2DE8CFF31A6484B0005C8B35 /* BNRItemsTableViewController.swift in Sources */ = {isa = PBXBuildFile; fileRef = 2DE8CFEB1A6484B0005C8B35 /* BNRItemsTableViewController.swift */; };
		2DE8CFF41A6484B0005C8B35 /* BNRImageStore.swift in Sources */ = {isa = PBXBuildFile; fileRef = 2DE8CFEC1A6484B0005C8B35 /* BNRImageStore.swift */; };
		2DE8CFF51A6484B0005C8B35 /* BNRItemStore.swift in Sources */ = {isa = PBXBuildFile; fileRef = 2DE8CFED1A6484B0005C8B35 /* BNRItemStore.swift */; };
		2DE8CFF61A6484B0005C8B35 /* BNRItem.swift in Sources */ = {isa = PBXBuildFile; fileRef = 2DE8CFEE1A6484B0005C8B35 /* BNRItem.swift */; };
		2DE8CFF71A6484B0005C8B35 /* AppDelegate.swift in Sources */ = {isa = PBXBuildFile; fileRef = 2DE8CFEF1A6484B0005C8B35 /* AppDelegate.swift */; };
		2DE8CFF81A6484B0005C8B35 /* ViewController.swift in Sources */ = {isa = PBXBuildFile; fileRef = 2DE8CFF01A6484B0005C8B35 /* ViewController.swift */; };
		2DE8CFF91A6484B0005C8B35 /* Main.storyboard in Resources */ = {isa = PBXBuildFile; fileRef = 2DE8CFF11A6484B0005C8B35 /* Main.storyboard */; };
/* End PBXBuildFile section */

/* Begin PBXContainerItemProxy section */
		2DE8CFD71A64847C005C8B35 /* PBXContainerItemProxy */ = {
			isa = PBXContainerItemProxy;
			containerPortal = 2DE8CFB91A64847B005C8B35 /* Project object */;
			proxyType = 1;
			remoteGlobalIDString = 2DE8CFC01A64847B005C8B35;
			remoteInfo = Camera;
		};
/* End PBXContainerItemProxy section */

/* Begin PBXFileReference section */
		2DE8CFC11A64847B005C8B35 /* Camera.app */ = {isa = PBXFileReference; explicitFileType = wrapper.application; includeInIndex = 0; path = Camera.app; sourceTree = BUILT_PRODUCTS_DIR; };
		2DE8CFC51A64847B005C8B35 /* Info.plist */ = {isa = PBXFileReference; lastKnownFileType = text.plist.xml; path = Info.plist; sourceTree = "<group>"; };
		2DE8CFCD1A64847B005C8B35 /* Images.xcassets */ = {isa = PBXFileReference; lastKnownFileType = folder.assetcatalog; path = Images.xcassets; sourceTree = "<group>"; };
		2DE8CFD01A64847B005C8B35 /* Base */ = {isa = PBXFileReference; lastKnownFileType = file.xib; name = Base; path = Base.lproj/LaunchScreen.xib; sourceTree = "<group>"; };
		2DE8CFD61A64847C005C8B35 /* CameraTests.xctest */ = {isa = PBXFileReference; explicitFileType = wrapper.cfbundle; includeInIndex = 0; path = CameraTests.xctest; sourceTree = BUILT_PRODUCTS_DIR; };
		2DE8CFDB1A64847C005C8B35 /* Info.plist */ = {isa = PBXFileReference; lastKnownFileType = text.plist.xml; path = Info.plist; sourceTree = "<group>"; };
		2DE8CFDC1A64847C005C8B35 /* CameraTests.swift */ = {isa = PBXFileReference; lastKnownFileType = sourcecode.swift; path = CameraTests.swift; sourceTree = "<group>"; };
		2DE8CFE61A6484A3005C8B35 /* BNRDetailViewController.swift */ = {isa = PBXFileReference; fileEncoding = 4; lastKnownFileType = sourcecode.swift; path = BNRDetailViewController.swift; sourceTree = "<group>"; };
		2DE8CFE71A6484A3005C8B35 /* BNRDetailViewController.xib */ = {isa = PBXFileReference; fileEncoding = 4; lastKnownFileType = file.xib; path = BNRDetailViewController.xib; sourceTree = "<group>"; };
		2DE8CFEA1A6484B0005C8B35 /* dahead.xib */ = {isa = PBXFileReference; fileEncoding = 4; lastKnownFileType = file.xib; path = dahead.xib; sourceTree = "<group>"; };
		2DE8CFEB1A6484B0005C8B35 /* BNRItemsTableViewController.swift */ = {isa = PBXFileReference; fileEncoding = 4; lastKnownFileType = sourcecode.swift; path = BNRItemsTableViewController.swift; sourceTree = "<group>"; };
		2DE8CFEC1A6484B0005C8B35 /* BNRImageStore.swift */ = {isa = PBXFileReference; fileEncoding = 4; lastKnownFileType = sourcecode.swift; path = BNRImageStore.swift; sourceTree = "<group>"; };
		2DE8CFED1A6484B0005C8B35 /* BNRItemStore.swift */ = {isa = PBXFileReference; fileEncoding = 4; lastKnownFileType = sourcecode.swift; path = BNRItemStore.swift; sourceTree = "<group>"; };
		2DE8CFEE1A6484B0005C8B35 /* BNRItem.swift */ = {isa = PBXFileReference; fileEncoding = 4; lastKnownFileType = sourcecode.swift; path = BNRItem.swift; sourceTree = "<group>"; };
		2DE8CFEF1A6484B0005C8B35 /* AppDelegate.swift */ = {isa = PBXFileReference; fileEncoding = 4; lastKnownFileType = sourcecode.swift; path = AppDelegate.swift; sourceTree = "<group>"; };
		2DE8CFF01A6484B0005C8B35 /* ViewController.swift */ = {isa = PBXFileReference; fileEncoding = 4; lastKnownFileType = sourcecode.swift; path = ViewController.swift; sourceTree = "<group>"; };
		2DE8CFF11A6484B0005C8B35 /* Main.storyboard */ = {isa = PBXFileReference; fileEncoding = 4; lastKnownFileType = file.storyboard; path = Main.storyboard; sourceTree = "<group>"; };
/* End PBXFileReference section */

/* Begin PBXFrameworksBuildPhase section */
		2DE8CFBE1A64847B005C8B35 /* Frameworks */ = {
			isa = PBXFrameworksBuildPhase;
			buildActionMask = 2147483647;
			files = (
			);
			runOnlyForDeploymentPostprocessing = 0;
		};
		2DE8CFD31A64847C005C8B35 /* Frameworks */ = {
			isa = PBXFrameworksBuildPhase;
			buildActionMask = 2147483647;
			files = (
			);
			runOnlyForDeploymentPostprocessing = 0;
		};
/* End PBXFrameworksBuildPhase section */

/* Begin PBXGroup section */
		2DE8CFB81A64847B005C8B35 = {
			isa = PBXGroup;
			children = (
				2DE8CFC31A64847B005C8B35 /* Camera */,
				2DE8CFD91A64847C005C8B35 /* CameraTests */,
				2DE8CFC21A64847B005C8B35 /* Products */,
			);
			sourceTree = "<group>";
		};
		2DE8CFC21A64847B005C8B35 /* Products */ = {
			isa = PBXGroup;
			children = (
				2DE8CFC11A64847B005C8B35 /* Camera.app */,
				2DE8CFD61A64847C005C8B35 /* CameraTests.xctest */,
			);
			name = Products;
			sourceTree = "<group>";
		};
		2DE8CFC31A64847B005C8B35 /* Camera */ = {
			isa = PBXGroup;
			children = (
				2DE8CFCD1A64847B005C8B35 /* Images.xcassets */,
				2DE8CFE61A6484A3005C8B35 /* BNRDetailViewController.swift */,
				2DE8CFE71A6484A3005C8B35 /* BNRDetailViewController.xib */,
				2DE8CFEA1A6484B0005C8B35 /* dahead.xib */,
				2DE8CFEB1A6484B0005C8B35 /* BNRItemsTableViewController.swift */,
				2DE8CFEC1A6484B0005C8B35 /* BNRImageStore.swift */,
				2DE8CFED1A6484B0005C8B35 /* BNRItemStore.swift */,
				2DE8CFEE1A6484B0005C8B35 /* BNRItem.swift */,
				2DE8CFEF1A6484B0005C8B35 /* AppDelegate.swift */,
				2DE8CFF01A6484B0005C8B35 /* ViewController.swift */,
				2DE8CFF11A6484B0005C8B35 /* Main.storyboard */,
				2DE8CFCF1A64847B005C8B35 /* LaunchScreen.xib */,
				2DE8CFC41A64847B005C8B35 /* Supporting Files */,
			);
			path = Camera;
			sourceTree = "<group>";
		};
		2DE8CFC41A64847B005C8B35 /* Supporting Files */ = {
			isa = PBXGroup;
			children = (
				2DE8CFC51A64847B005C8B35 /* Info.plist */,
			);
			name = "Supporting Files";
			sourceTree = "<group>";
		};
		2DE8CFD91A64847C005C8B35 /* CameraTests */ = {
			isa = PBXGroup;
			children = (
				2DE8CFDC1A64847C005C8B35 /* CameraTests.swift */,
				2DE8CFDA1A64847C005C8B35 /* Supporting Files */,
			);
			path = CameraTests;
			sourceTree = "<group>";
		};
		2DE8CFDA1A64847C005C8B35 /* Supporting Files */ = {
			isa = PBXGroup;
			children = (
				2DE8CFDB1A64847C005C8B35 /* Info.plist */,
			);
			name = "Supporting Files";
			sourceTree = "<group>";
		};
/* End PBXGroup section */

/* Begin PBXNativeTarget section */
		2DE8CFC01A64847B005C8B35 /* Camera */ = {
			isa = PBXNativeTarget;
			buildConfigurationList = 2DE8CFE01A64847C005C8B35 /* Build configuration list for PBXNativeTarget "Camera" */;
			buildPhases = (
				2DE8CFBD1A64847B005C8B35 /* Sources */,
				2DE8CFBE1A64847B005C8B35 /* Frameworks */,
				2DE8CFBF1A64847B005C8B35 /* Resources */,
			);
			buildRules = (
			);
			dependencies = (
			);
			name = Camera;
			productName = Camera;
			productReference = 2DE8CFC11A64847B005C8B35 /* Camera.app */;
			productType = "com.apple.product-type.application";
		};
		2DE8CFD51A64847C005C8B35 /* CameraTests */ = {
			isa = PBXNativeTarget;
			buildConfigurationList = 2DE8CFE31A64847C005C8B35 /* Build configuration list for PBXNativeTarget "CameraTests" */;
			buildPhases = (
				2DE8CFD21A64847C005C8B35 /* Sources */,
				2DE8CFD31A64847C005C8B35 /* Frameworks */,
				2DE8CFD41A64847C005C8B35 /* Resources */,
			);
			buildRules = (
			);
			dependencies = (
				2DE8CFD81A64847C005C8B35 /* PBXTargetDependency */,
			);
			name = CameraTests;
			productName = CameraTests;
			productReference = 2DE8CFD61A64847C005C8B35 /* CameraTests.xctest */;
			productType = "com.apple.product-type.bundle.unit-test";
		};
/* End PBXNativeTarget section */

/* Begin PBXProject section */
		2DE8CFB91A64847B005C8B35 /* Project object */ = {
			isa = PBXProject;
			attributes = {
				LastUpgradeCheck = 0610;
				ORGANIZATIONNAME = mrazam110;
				TargetAttributes = {
					2DE8CFC01A64847B005C8B35 = {
						CreatedOnToolsVersion = 6.1.1;
					};
					2DE8CFD51A64847C005C8B35 = {
						CreatedOnToolsVersion = 6.1.1;
						TestTargetID = 2DE8CFC01A64847B005C8B35;
					};
				};
			};
			buildConfigurationList = 2DE8CFBC1A64847B005C8B35 /* Build configuration list for PBXProject "Camera" */;
			compatibilityVersion = "Xcode 3.2";
			developmentRegion = English;
			hasScannedForEncodings = 0;
			knownRegions = (
				en,
				Base,
			);
			mainGroup = 2DE8CFB81A64847B005C8B35;
			productRefGroup = 2DE8CFC21A64847B005C8B35 /* Products */;
			projectDirPath = "";
			projectRoot = "";
			targets = (
				2DE8CFC01A64847B005C8B35 /* Camera */,
				2DE8CFD51A64847C005C8B35 /* CameraTests */,
			);
		};
/* End PBXProject section */

/* Begin PBXResourcesBuildPhase section */
		2DE8CFBF1A64847B005C8B35 /* Resources */ = {
			isa = PBXResourcesBuildPhase;
			buildActionMask = 2147483647;
			files = (
				2DE8CFE91A6484A3005C8B35 /* BNRDetailViewController.xib in Resources */,
				2DE8CFF91A6484B0005C8B35 /* Main.storyboard in Resources */,
				2DE8CFD11A64847B005C8B35 /* LaunchScreen.xib in Resources */,
				2DE8CFF21A6484B0005C8B35 /* dahead.xib in Resources */,
				2DE8CFCE1A64847B005C8B35 /* Images.xcassets in Resources */,
			);
			runOnlyForDeploymentPostprocessing = 0;
		};
		2DE8CFD41A64847C005C8B35 /* Resources */ = {
			isa = PBXResourcesBuildPhase;
			buildActionMask = 2147483647;
			files = (
			);
			runOnlyForDeploymentPostprocessing = 0;
		};
/* End PBXResourcesBuildPhase section */

/* Begin PBXSourcesBuildPhase section */
		2DE8CFBD1A64847B005C8B35 /* Sources */ = {
			isa = PBXSourcesBuildPhase;
			buildActionMask = 2147483647;
			files = (
				2DE8CFF71A6484B0005C8B35 /* AppDelegate.swift in Sources */,
				2DE8CFE81A6484A3005C8B35 /* BNRDetailViewController.swift in Sources */,
				2DE8CFF41A6484B0005C8B35 /* BNRImageStore.swift in Sources */,
				2DE8CFF61A6484B0005C8B35 /* BNRItem.swift in Sources */,
				2DE8CFF81A6484B0005C8B35 /* ViewController.swift in Sources */,
				2DE8CFF31A6484B0005C8B35 /* BNRItemsTableViewController.swift in Sources */,
				2DE8CFF51A6484B0005C8B35 /* BNRItemStore.swift in Sources */,
			);
			runOnlyForDeploymentPostprocessing = 0;
		};
		2DE8CFD21A64847C005C8B35 /* Sources */ = {
			isa = PBXSourcesBuildPhase;
			buildActionMask = 2147483647;
			files = (
				2DE8CFDD1A64847C005C8B35 /* CameraTests.swift in Sources */,
			);
			runOnlyForDeploymentPostprocessing = 0;
		};
/* End PBXSourcesBuildPhase section */

/* Begin PBXTargetDependency section */
		2DE8CFD81A64847C005C8B35 /* PBXTargetDependency */ = {
			isa = PBXTargetDependency;
			target = 2DE8CFC01A64847B005C8B35 /* Camera */;
			targetProxy = 2DE8CFD71A64847C005C8B35 /* PBXContainerItemProxy */;
		};
/* End PBXTargetDependency section */

/* Begin PBXVariantGroup section */
		2DE8CFCF1A64847B005C8B35 /* LaunchScreen.xib */ = {
			isa = PBXVariantGroup;
			children = (
				2DE8CFD01A64847B005C8B35 /* Base */,
			);
			name = LaunchScreen.xib;
			sourceTree = "<group>";
		};
/* End PBXVariantGroup section */

/* Begin XCBuildConfiguration section */
		2DE8CFDE1A64847C005C8B35 /* Debug */ = {
			isa = XCBuildConfiguration;
			buildSettings = {
				ALWAYS_SEARCH_USER_PATHS = NO;
				CLANG_CXX_LANGUAGE_STANDARD = "gnu++0x";
				CLANG_CXX_LIBRARY = "libc++";
				CLANG_ENABLE_MODULES = YES;
				CLANG_ENABLE_OBJC_ARC = YES;
				CLANG_WARN_BOOL_CONVERSION = YES;
				CLANG_WARN_CONSTANT_CONVERSION = YES;
				CLANG_WARN_DIRECT_OBJC_ISA_USAGE = YES_ERROR;
				CLANG_WARN_EMPTY_BODY = YES;
				CLANG_WARN_ENUM_CONVERSION = YES;
				CLANG_WARN_INT_CONVERSION = YES;
				CLANG_WARN_OBJC_ROOT_CLASS = YES_ERROR;
				CLANG_WARN_UNREACHABLE_CODE = YES;
				CLANG_WARN__DUPLICATE_METHOD_MATCH = YES;
				"CODE_SIGN_IDENTITY[sdk=iphoneos*]" = "iPhone Developer";
				COPY_PHASE_STRIP = NO;
				ENABLE_STRICT_OBJC_MSGSEND = YES;
				GCC_C_LANGUAGE_STANDARD = gnu99;
				GCC_DYNAMIC_NO_PIC = NO;
				GCC_OPTIMIZATION_LEVEL = 0;
				GCC_PREPROCESSOR_DEFINITIONS = (
					"DEBUG=1",
					"$(inherited)",
				);
				GCC_SYMBOLS_PRIVATE_EXTERN = NO;
				GCC_WARN_64_TO_32_BIT_CONVERSION = YES;
				GCC_WARN_ABOUT_RETURN_TYPE = YES_ERROR;
				GCC_WARN_UNDECLARED_SELECTOR = YES;
				GCC_WARN_UNINITIALIZED_AUTOS = YES_AGGRESSIVE;
				GCC_WARN_UNUSED_FUNCTION = YES;
				GCC_WARN_UNUSED_VARIABLE = YES;
				IPHONEOS_DEPLOYMENT_TARGET = 8.1;
				MTL_ENABLE_DEBUG_INFO = YES;
				ONLY_ACTIVE_ARCH = YES;
				SDKROOT = iphoneos;
				SWIFT_OPTIMIZATION_LEVEL = "-Onone";
			};
			name = Debug;
		};
		2DE8CFDF1A64847C005C8B35 /* Release */ = {
			isa = XCBuildConfiguration;
			buildSettings = {
				ALWAYS_SEARCH_USER_PATHS = NO;
				CLANG_CXX_LANGUAGE_STANDARD = "gnu++0x";
				CLANG_CXX_LIBRARY = "libc++";
				CLANG_ENABLE_MODULES = YES;
				CLANG_ENABLE_OBJC_ARC = YES;
				CLANG_WARN_BOOL_CONVERSION = YES;
				CLANG_WARN_CONSTANT_CONVERSION = YES;
				CLANG_WARN_DIRECT_OBJC_ISA_USAGE = YES_ERROR;
				CLANG_WARN_EMPTY_BODY = YES;
				CLANG_WARN_ENUM_CONVERSION = YES;
				CLANG_WARN_INT_CONVERSION = YES;
				CLANG_WARN_OBJC_ROOT_CLASS = YES_ERROR;
				CLANG_WARN_UNREACHABLE_CODE = YES;
				CLANG_WARN__DUPLICATE_METHOD_MATCH = YES;
				"CODE_SIGN_IDENTITY[sdk=iphoneos*]" = "iPhone Developer";
				COPY_PHASE_STRIP = YES;
				ENABLE_NS_ASSERTIONS = NO;
				ENABLE_STRICT_OBJC_MSGSEND = YES;
				GCC_C_LANGUAGE_STANDARD = gnu99;
				GCC_WARN_64_TO_32_BIT_CONVERSION = YES;
				GCC_WARN_ABOUT_RETURN_TYPE = YES_ERROR;
				GCC_WARN_UNDECLARED_SELECTOR = YES;
				GCC_WARN_UNINITIALIZED_AUTOS = YES_AGGRESSIVE;
				GCC_WARN_UNUSED_FUNCTION = YES;
				GCC_WARN_UNUSED_VARIABLE = YES;
				IPHONEOS_DEPLOYMENT_TARGET = 8.1;
				MTL_ENABLE_DEBUG_INFO = NO;
				SDKROOT = iphoneos;
				VALIDATE_PRODUCT = YES;
			};
			name = Release;
		};
		2DE8CFE11A64847C005C8B35 /* Debug */ = {
			isa = XCBuildConfiguration;
			buildSettings = {
				ASSETCATALOG_COMPILER_APPICON_NAME = AppIcon;
				CLANG_ENABLE_MODULES = YES;
				INFOPLIST_FILE = Camera/Info.plist;
				LD_RUNPATH_SEARCH_PATHS = "$(inherited) @executable_path/Frameworks";
				PRODUCT_NAME = "$(TARGET_NAME)";
				SWIFT_OPTIMIZATION_LEVEL = "-Onone";
			};
			name = Debug;
		};
		2DE8CFE21A64847C005C8B35 /* Release */ = {
			isa = XCBuildConfiguration;
			buildSettings = {
				ASSETCATALOG_COMPILER_APPICON_NAME = AppIcon;
				CLANG_ENABLE_MODULES = YES;
				INFOPLIST_FILE = Camera/Info.plist;
				LD_RUNPATH_SEARCH_PATHS = "$(inherited) @executable_path/Frameworks";
				PRODUCT_NAME = "$(TARGET_NAME)";
			};
			name = Release;
		};
		2DE8CFE41A64847C005C8B35 /* Debug */ = {
			isa = XCBuildConfiguration;
			buildSettings = {
				BUNDLE_LOADER = "$(TEST_HOST)";
				FRAMEWORK_SEARCH_PATHS = (
					"$(SDKROOT)/Developer/Library/Frameworks",
					"$(inherited)",
				);
				GCC_PREPROCESSOR_DEFINITIONS = (
					"DEBUG=1",
					"$(inherited)",
				);
				INFOPLIST_FILE = CameraTests/Info.plist;
				LD_RUNPATH_SEARCH_PATHS = "$(inherited) @executable_path/Frameworks @loader_path/Frameworks";
				PRODUCT_NAME = "$(TARGET_NAME)";
				TEST_HOST = "$(BUILT_PRODUCTS_DIR)/Camera.app/Camera";
			};
			name = Debug;
		};
		2DE8CFE51A64847C005C8B35 /* Release */ = {
			isa = XCBuildConfiguration;
			buildSettings = {
				BUNDLE_LOADER = "$(TEST_HOST)";
				FRAMEWORK_SEARCH_PATHS = (
					"$(SDKROOT)/Developer/Library/Frameworks",
					"$(inherited)",
				);
				INFOPLIST_FILE = CameraTests/Info.plist;
				LD_RUNPATH_SEARCH_PATHS = "$(inherited) @executable_path/Frameworks @loader_path/Frameworks";
				PRODUCT_NAME = "$(TARGET_NAME)";
				TEST_HOST = "$(BUILT_PRODUCTS_DIR)/Camera.app/Camera";
			};
			name = Release;
		};
/* End XCBuildConfiguration section */

/* Begin XCConfigurationList section */
		2DE8CFBC1A64847B005C8B35 /* Build configuration list for PBXProject "Camera" */ = {
			isa = XCConfigurationList;
			buildConfigurations = (
				2DE8CFDE1A64847C005C8B35 /* Debug */,
				2DE8CFDF1A64847C005C8B35 /* Release */,
			);
			defaultConfigurationIsVisible = 0;
			defaultConfigurationName = Release;
		};
		2DE8CFE01A64847C005C8B35 /* Build configuration list for PBXNativeTarget "Camera" */ = {
			isa = XCConfigurationList;
			buildConfigurations = (
				2DE8CFE11A64847C005C8B35 /* Debug */,
				2DE8CFE21A64847C005C8B35 /* Release */,
			);
			defaultConfigurationIsVisible = 0;
		};
		2DE8CFE31A64847C005C8B35 /* Build configuration list for PBXNativeTarget "CameraTests" */ = {
			isa = XCConfigurationList;
			buildConfigurations = (
				2DE8CFE41A64847C005C8B35 /* Debug */,
				2DE8CFE51A64847C005C8B35 /* Release */,
			);
			defaultConfigurationIsVisible = 0;
		};
/* End XCConfigurationList section */
	};
	rootObject = 2DE8CFB91A64847B005C8B35 /* Project object */;
}
